// !$*UTF8*$!
{
	archiveVersion = 1;
	classes = {
	};
	objectVersion = 56;
	objects = {

/* Begin PBXBuildFile section */
		14FD3DC82A37A4DE0023DA4D /* areebApp.swift in Sources */ = {isa = PBXBuildFile; fileRef = 14FD3DC72A37A4DE0023DA4D /* areebApp.swift */; };
		14FD3DCA2A37A4DE0023DA4D /* ContentView.swift in Sources */ = {isa = PBXBuildFile; fileRef = 14FD3DC92A37A4DE0023DA4D /* ContentView.swift */; };
		14FD3DCC2A37A4DF0023DA4D /* Assets.xcassets in Resources */ = {isa = PBXBuildFile; fileRef = 14FD3DCB2A37A4DF0023DA4D /* Assets.xcassets */; };
		14FD3DD02A37A4DF0023DA4D /* Preview Assets.xcassets in Resources */ = {isa = PBXBuildFile; fileRef = 14FD3DCF2A37A4DF0023DA4D /* Preview Assets.xcassets */; };
		14FD3DDA2A37A4DF0023DA4D /* areebTests.swift in Sources */ = {isa = PBXBuildFile; fileRef = 14FD3DD92A37A4DF0023DA4D /* areebTests.swift */; };
		14FD3DE42A37A4DF0023DA4D /* areebUITests.swift in Sources */ = {isa = PBXBuildFile; fileRef = 14FD3DE32A37A4DF0023DA4D /* areebUITests.swift */; };
		14FD3DE62A37A4DF0023DA4D /* areebUITestsLaunchTests.swift in Sources */ = {isa = PBXBuildFile; fileRef = 14FD3DE52A37A4DF0023DA4D /* areebUITestsLaunchTests.swift */; };
/* End PBXBuildFile section */

/* Begin PBXContainerItemProxy section */
		14FD3DD62A37A4DF0023DA4D /* PBXContainerItemProxy */ = {
			isa = PBXContainerItemProxy;
			containerPortal = 14FD3DBC2A37A4DE0023DA4D /* Project object */;
			proxyType = 1;
			remoteGlobalIDString = 14FD3DC32A37A4DE0023DA4D;
			remoteInfo = areeb;
		};
		14FD3DE02A37A4DF0023DA4D /* PBXContainerItemProxy */ = {
			isa = PBXContainerItemProxy;
			containerPortal = 14FD3DBC2A37A4DE0023DA4D /* Project object */;
			proxyType = 1;
			remoteGlobalIDString = 14FD3DC32A37A4DE0023DA4D;
			remoteInfo = areeb;
		};
/* End PBXContainerItemProxy section */

/* Begin PBXFileReference section */
		14FD3DC42A37A4DE0023DA4D /* areeb.app */ = {isa = PBXFileReference; explicitFileType = wrapper.application; includeInIndex = 0; path = areeb.app; sourceTree = BUILT_PRODUCTS_DIR; };
		14FD3DC72A37A4DE0023DA4D /* areebApp.swift */ = {isa = PBXFileReference; lastKnownFileType = sourcecode.swift; path = areebApp.swift; sourceTree = "<group>"; };
		14FD3DC92A37A4DE0023DA4D /* ContentView.swift */ = {isa = PBXFileReference; lastKnownFileType = sourcecode.swift; path = ContentView.swift; sourceTree = "<group>"; };
		14FD3DCB2A37A4DF0023DA4D /* Assets.xcassets */ = {isa = PBXFileReference; lastKnownFileType = folder.assetcatalog; path = Assets.xcassets; sourceTree = "<group>"; };
		14FD3DCD2A37A4DF0023DA4D /* areeb.entitlements */ = {isa = PBXFileReference; lastKnownFileType = text.plist.entitlements; path = areeb.entitlements; sourceTree = "<group>"; };
		14FD3DCF2A37A4DF0023DA4D /* Preview Assets.xcassets */ = {isa = PBXFileReference; lastKnownFileType = folder.assetcatalog; path = "Preview Assets.xcassets"; sourceTree = "<group>"; };
		14FD3DD52A37A4DF0023DA4D /* areebTests.xctest */ = {isa = PBXFileReference; explicitFileType = wrapper.cfbundle; includeInIndex = 0; path = areebTests.xctest; sourceTree = BUILT_PRODUCTS_DIR; };
		14FD3DD92A37A4DF0023DA4D /* areebTests.swift */ = {isa = PBXFileReference; lastKnownFileType = sourcecode.swift; path = areebTests.swift; sourceTree = "<group>"; };
		14FD3DDF2A37A4DF0023DA4D /* areebUITests.xctest */ = {isa = PBXFileReference; explicitFileType = wrapper.cfbundle; includeInIndex = 0; path = areebUITests.xctest; sourceTree = BUILT_PRODUCTS_DIR; };
		14FD3DE32A37A4DF0023DA4D /* areebUITests.swift */ = {isa = PBXFileReference; lastKnownFileType = sourcecode.swift; path = areebUITests.swift; sourceTree = "<group>"; };
		14FD3DE52A37A4DF0023DA4D /* areebUITestsLaunchTests.swift */ = {isa = PBXFileReference; lastKnownFileType = sourcecode.swift; path = areebUITestsLaunchTests.swift; sourceTree = "<group>"; };
/* End PBXFileReference section */

/* Begin PBXFrameworksBuildPhase section */
		14FD3DC12A37A4DE0023DA4D /* Frameworks */ = {
			isa = PBXFrameworksBuildPhase;
			buildActionMask = 2147483647;
			files = (
			);
			runOnlyForDeploymentPostprocessing = 0;
		};
		14FD3DD22A37A4DF0023DA4D /* Frameworks */ = {
			isa = PBXFrameworksBuildPhase;
			buildActionMask = 2147483647;
			files = (
			);
			runOnlyForDeploymentPostprocessing = 0;
		};
		14FD3DDC2A37A4DF0023DA4D /* Frameworks */ = {
			isa = PBXFrameworksBuildPhase;
			buildActionMask = 2147483647;
			files = (
			);
			runOnlyForDeploymentPostprocessing = 0;
		};
/* End PBXFrameworksBuildPhase section */

/* Begin PBXGroup section */
		14FD3DBB2A37A4DE0023DA4D = {
			isa = PBXGroup;
			children = (
				14FD3DC62A37A4DE0023DA4D /* areeb */,
				14FD3DD82A37A4DF0023DA4D /* areebTests */,
				14FD3DE22A37A4DF0023DA4D /* areebUITests */,
				14FD3DC52A37A4DE0023DA4D /* Products */,
			);
			sourceTree = "<group>";
		};
		14FD3DC52A37A4DE0023DA4D /* Products */ = {
			isa = PBXGroup;
			children = (
				14FD3DC42A37A4DE0023DA4D /* areeb.app */,
				14FD3DD52A37A4DF0023DA4D /* areebTests.xctest */,
				14FD3DDF2A37A4DF0023DA4D /* areebUITests.xctest */,
			);
			name = Products;
			sourceTree = "<group>";
		};
		14FD3DC62A37A4DE0023DA4D /* areeb */ = {
			isa = PBXGroup;
			children = (
				14FD3DC72A37A4DE0023DA4D /* areebApp.swift */,
				14FD3DC92A37A4DE0023DA4D /* ContentView.swift */,
				14FD3DCB2A37A4DF0023DA4D /* Assets.xcassets */,
				14FD3DCD2A37A4DF0023DA4D /* areeb.entitlements */,
				14FD3DCE2A37A4DF0023DA4D /* Preview Content */,
			);
			path = areeb;
			sourceTree = "<group>";
		};
		14FD3DCE2A37A4DF0023DA4D /* Preview Content */ = {
			isa = PBXGroup;
			children = (
				14FD3DCF2A37A4DF0023DA4D /* Preview Assets.xcassets */,
			);
			path = "Preview Content";
			sourceTree = "<group>";
		};
		14FD3DD82A37A4DF0023DA4D /* areebTests */ = {
			isa = PBXGroup;
			children = (
				14FD3DD92A37A4DF0023DA4D /* areebTests.swift */,
			);
			path = areebTests;
			sourceTree = "<group>";
		};
		14FD3DE22A37A4DF0023DA4D /* areebUITests */ = {
			isa = PBXGroup;
			children = (
				14FD3DE32A37A4DF0023DA4D /* areebUITests.swift */,
				14FD3DE52A37A4DF0023DA4D /* areebUITestsLaunchTests.swift */,
			);
			path = areebUITests;
			sourceTree = "<group>";
		};
/* End PBXGroup section */

/* Begin PBXNativeTarget section */
		14FD3DC32A37A4DE0023DA4D /* areeb */ = {
			isa = PBXNativeTarget;
			buildConfigurationList = 14FD3DE92A37A4DF0023DA4D /* Build configuration list for PBXNativeTarget "areeb" */;
			buildPhases = (
				14FD3DC02A37A4DE0023DA4D /* Sources */,
				14FD3DC12A37A4DE0023DA4D /* Frameworks */,
				14FD3DC22A37A4DE0023DA4D /* Resources */,
			);
			buildRules = (
			);
			dependencies = (
			);
			name = areeb;
			productName = areeb;
			productReference = 14FD3DC42A37A4DE0023DA4D /* areeb.app */;
			productType = "com.apple.product-type.application";
		};
		14FD3DD42A37A4DF0023DA4D /* areebTests */ = {
			isa = PBXNativeTarget;
			buildConfigurationList = 14FD3DEC2A37A4DF0023DA4D /* Build configuration list for PBXNativeTarget "areebTests" */;
			buildPhases = (
				14FD3DD12A37A4DF0023DA4D /* Sources */,
				14FD3DD22A37A4DF0023DA4D /* Frameworks */,
				14FD3DD32A37A4DF0023DA4D /* Resources */,
			);
			buildRules = (
			);
			dependencies = (
				14FD3DD72A37A4DF0023DA4D /* PBXTargetDependency */,
			);
			name = areebTests;
			productName = areebTests;
			productReference = 14FD3DD52A37A4DF0023DA4D /* areebTests.xctest */;
			productType = "com.apple.product-type.bundle.unit-test";
		};
		14FD3DDE2A37A4DF0023DA4D /* areebUITests */ = {
			isa = PBXNativeTarget;
			buildConfigurationList = 14FD3DEF2A37A4DF0023DA4D /* Build configuration list for PBXNativeTarget "areebUITests" */;
			buildPhases = (
				14FD3DDB2A37A4DF0023DA4D /* Sources */,
				14FD3DDC2A37A4DF0023DA4D /* Frameworks */,
				14FD3DDD2A37A4DF0023DA4D /* Resources */,
			);
			buildRules = (
			);
			dependencies = (
				14FD3DE12A37A4DF0023DA4D /* PBXTargetDependency */,
			);
			name = areebUITests;
			productName = areebUITests;
			productReference = 14FD3DDF2A37A4DF0023DA4D /* areebUITests.xctest */;
			productType = "com.apple.product-type.bundle.ui-testing";
		};
/* End PBXNativeTarget section */

/* Begin PBXProject section */
		14FD3DBC2A37A4DE0023DA4D /* Project object */ = {
			isa = PBXProject;
			attributes = {
				BuildIndependentTargetsInParallel = 1;
				LastSwiftUpdateCheck = 1430;
				LastUpgradeCheck = 1430;
				TargetAttributes = {
					14FD3DC32A37A4DE0023DA4D = {
						CreatedOnToolsVersion = 14.3.1;
					};
					14FD3DD42A37A4DF0023DA4D = {
						CreatedOnToolsVersion = 14.3.1;
						TestTargetID = 14FD3DC32A37A4DE0023DA4D;
					};
					14FD3DDE2A37A4DF0023DA4D = {
						CreatedOnToolsVersion = 14.3.1;
						TestTargetID = 14FD3DC32A37A4DE0023DA4D;
					};
				};
			};
			buildConfigurationList = 14FD3DBF2A37A4DE0023DA4D /* Build configuration list for PBXProject "areeb" */;
			compatibilityVersion = "Xcode 14.0";
			developmentRegion = en;
			hasScannedForEncodings = 0;
			knownRegions = (
				en,
				Base,
			);
			mainGroup = 14FD3DBB2A37A4DE0023DA4D;
			productRefGroup = 14FD3DC52A37A4DE0023DA4D /* Products */;
			projectDirPath = "";
			projectRoot = "";
			targets = (
				14FD3DC32A37A4DE0023DA4D /* areeb */,
				14FD3DD42A37A4DF0023DA4D /* areebTests */,
				14FD3DDE2A37A4DF0023DA4D /* areebUITests */,
			);
		};
/* End PBXProject section */

/* Begin PBXResourcesBuildPhase section */
		14FD3DC22A37A4DE0023DA4D /* Resources */ = {
			isa = PBXResourcesBuildPhase;
			buildActionMask = 2147483647;
			files = (
				14FD3DD02A37A4DF0023DA4D /* Preview Assets.xcassets in Resources */,
				14FD3DCC2A37A4DF0023DA4D /* Assets.xcassets in Resources */,
			);
			runOnlyForDeploymentPostprocessing = 0;
		};
		14FD3DD32A37A4DF0023DA4D /* Resources */ = {
			isa = PBXResourcesBuildPhase;
			buildActionMask = 2147483647;
			files = (
			);
			runOnlyForDeploymentPostprocessing = 0;
		};
		14FD3DDD2A37A4DF0023DA4D /* Resources */ = {
			isa = PBXResourcesBuildPhase;
			buildActionMask = 2147483647;
			files = (
			);
			runOnlyForDeploymentPostprocessing = 0;
		};
/* End PBXResourcesBuildPhase section */

/* Begin PBXSourcesBuildPhase section */
		14FD3DC02A37A4DE0023DA4D /* Sources */ = {
			isa = PBXSourcesBuildPhase;
			buildActionMask = 2147483647;
			files = (
				14FD3DCA2A37A4DE0023DA4D /* ContentView.swift in Sources */,
				14FD3DC82A37A4DE0023DA4D /* areebApp.swift in Sources */,
			);
			runOnlyForDeploymentPostprocessing = 0;
		};
		14FD3DD12A37A4DF0023DA4D /* Sources */ = {
			isa = PBXSourcesBuildPhase;
			buildActionMask = 2147483647;
			files = (
				14FD3DDA2A37A4DF0023DA4D /* areebTests.swift in Sources */,
			);
			runOnlyForDeploymentPostprocessing = 0;
		};
		14FD3DDB2A37A4DF0023DA4D /* Sources */ = {
			isa = PBXSourcesBuildPhase;
			buildActionMask = 2147483647;
			files = (
				14FD3DE62A37A4DF0023DA4D /* areebUITestsLaunchTests.swift in Sources */,
				14FD3DE42A37A4DF0023DA4D /* areebUITests.swift in Sources */,
			);
			runOnlyForDeploymentPostprocessing = 0;
		};
/* End PBXSourcesBuildPhase section */

/* Begin PBXTargetDependency section */
		14FD3DD72A37A4DF0023DA4D /* PBXTargetDependency */ = {
			isa = PBXTargetDependency;
			target = 14FD3DC32A37A4DE0023DA4D /* areeb */;
			targetProxy = 14FD3DD62A37A4DF0023DA4D /* PBXContainerItemProxy */;
		};
		14FD3DE12A37A4DF0023DA4D /* PBXTargetDependency */ = {
			isa = PBXTargetDependency;
			target = 14FD3DC32A37A4DE0023DA4D /* areeb */;
			targetProxy = 14FD3DE02A37A4DF0023DA4D /* PBXContainerItemProxy */;
		};
/* End PBXTargetDependency section */

/* Begin XCBuildConfiguration section */
		14FD3DE72A37A4DF0023DA4D /* Debug */ = {
			isa = XCBuildConfiguration;
			buildSettings = {
				ALWAYS_SEARCH_USER_PATHS = NO;
				CLANG_ANALYZER_NONNULL = YES;
				CLANG_ANALYZER_NUMBER_OBJECT_CONVERSION = YES_AGGRESSIVE;
				CLANG_CXX_LANGUAGE_STANDARD = "gnu++20";
				CLANG_ENABLE_MODULES = YES;
				CLANG_ENABLE_OBJC_ARC = YES;
				CLANG_ENABLE_OBJC_WEAK = YES;
				CLANG_WARN_BLOCK_CAPTURE_AUTORELEASING = YES;
				CLANG_WARN_BOOL_CONVERSION = YES;
				CLANG_WARN_COMMA = YES;
				CLANG_WARN_CONSTANT_CONVERSION = YES;
				CLANG_WARN_DEPRECATED_OBJC_IMPLEMENTATIONS = YES;
				CLANG_WARN_DIRECT_OBJC_ISA_USAGE = YES_ERROR;
				CLANG_WARN_DOCUMENTATION_COMMENTS = YES;
				CLANG_WARN_EMPTY_BODY = YES;
				CLANG_WARN_ENUM_CONVERSION = YES;
				CLANG_WARN_INFINITE_RECURSION = YES;
				CLANG_WARN_INT_CONVERSION = YES;
				CLANG_WARN_NON_LITERAL_NULL_CONVERSION = YES;
				CLANG_WARN_OBJC_IMPLICIT_RETAIN_SELF = YES;
				CLANG_WARN_OBJC_LITERAL_CONVERSION = YES;
				CLANG_WARN_OBJC_ROOT_CLASS = YES_ERROR;
				CLANG_WARN_QUOTED_INCLUDE_IN_FRAMEWORK_HEADER = YES;
				CLANG_WARN_RANGE_LOOP_ANALYSIS = YES;
				CLANG_WARN_STRICT_PROTOTYPES = YES;
				CLANG_WARN_SUSPICIOUS_MOVE = YES;
				CLANG_WARN_UNGUARDED_AVAILABILITY = YES_AGGRESSIVE;
				CLANG_WARN_UNREACHABLE_CODE = YES;
				CLANG_WARN__DUPLICATE_METHOD_MATCH = YES;
				COPY_PHASE_STRIP = NO;
				DEBUG_INFORMATION_FORMAT = dwarf;
				ENABLE_STRICT_OBJC_MSGSEND = YES;
				ENABLE_TESTABILITY = YES;
				GCC_C_LANGUAGE_STANDARD = gnu11;
				GCC_DYNAMIC_NO_PIC = NO;
				GCC_NO_COMMON_BLOCKS = YES;
				GCC_OPTIMIZATION_LEVEL = 0;
				GCC_PREPROCESSOR_DEFINITIONS = (
					"DEBUG=1",
					"$(inherited)",
				);
				GCC_WARN_64_TO_32_BIT_CONVERSION = YES;
				GCC_WARN_ABOUT_RETURN_TYPE = YES_ERROR;
				GCC_WARN_UNDECLARED_SELECTOR = YES;
				GCC_WARN_UNINITIALIZED_AUTOS = YES_AGGRESSIVE;
				GCC_WARN_UNUSED_FUNCTION = YES;
				GCC_WARN_UNUSED_VARIABLE = YES;
				MTL_ENABLE_DEBUG_INFO = INCLUDE_SOURCE;
				MTL_FAST_MATH = YES;
				ONLY_ACTIVE_ARCH = YES;
				SWIFT_ACTIVE_COMPILATION_CONDITIONS = DEBUG;
				SWIFT_OPTIMIZATION_LEVEL = "-Onone";
			};
			name = Debug;
		};
		14FD3DE82A37A4DF0023DA4D /* Release */ = {
			isa = XCBuildConfiguration;
			buildSettings = {
				ALWAYS_SEARCH_USER_PATHS = NO;
				CLANG_ANALYZER_NONNULL = YES;
				CLANG_ANALYZER_NUMBER_OBJECT_CONVERSION = YES_AGGRESSIVE;
				CLANG_CXX_LANGUAGE_STANDARD = "gnu++20";
				CLANG_ENABLE_MODULES = YES;
				CLANG_ENABLE_OBJC_ARC = YES;
				CLANG_ENABLE_OBJC_WEAK = YES;
				CLANG_WARN_BLOCK_CAPTURE_AUTORELEASING = YES;
				CLANG_WARN_BOOL_CONVERSION = YES;
				CLANG_WARN_COMMA = YES;
				CLANG_WARN_CONSTANT_CONVERSION = YES;
				CLANG_WARN_DEPRECATED_OBJC_IMPLEMENTATIONS = YES;
				CLANG_WARN_DIRECT_OBJC_ISA_USAGE = YES_ERROR;
				CLANG_WARN_DOCUMENTATION_COMMENTS = YES;
				CLANG_WARN_EMPTY_BODY = YES;
				CLANG_WARN_ENUM_CONVERSION = YES;
				CLANG_WARN_INFINITE_RECURSION = YES;
				CLANG_WARN_INT_CONVERSION = YES;
				CLANG_WARN_NON_LITERAL_NULL_CONVERSION = YES;
				CLANG_WARN_OBJC_IMPLICIT_RETAIN_SELF = YES;
				CLANG_WARN_OBJC_LITERAL_CONVERSION = YES;
				CLANG_WARN_OBJC_ROOT_CLASS = YES_ERROR;
				CLANG_WARN_QUOTED_INCLUDE_IN_FRAMEWORK_HEADER = YES;
				CLANG_WARN_RANGE_LOOP_ANALYSIS = YES;
				CLANG_WARN_STRICT_PROTOTYPES = YES;
				CLANG_WARN_SUSPICIOUS_MOVE = YES;
				CLANG_WARN_UNGUARDED_AVAILABILITY = YES_AGGRESSIVE;
				CLANG_WARN_UNREACHABLE_CODE = YES;
				CLANG_WARN__DUPLICATE_METHOD_MATCH = YES;
				COPY_PHASE_STRIP = NO;
				DEBUG_INFORMATION_FORMAT = "dwarf-with-dsym";
				ENABLE_NS_ASSERTIONS = NO;
				ENABLE_STRICT_OBJC_MSGSEND = YES;
				GCC_C_LANGUAGE_STANDARD = gnu11;
				GCC_NO_COMMON_BLOCKS = YES;
				GCC_WARN_64_TO_32_BIT_CONVERSION = YES;
				GCC_WARN_ABOUT_RETURN_TYPE = YES_ERROR;
				GCC_WARN_UNDECLARED_SELECTOR = YES;
				GCC_WARN_UNINITIALIZED_AUTOS = YES_AGGRESSIVE;
				GCC_WARN_UNUSED_FUNCTION = YES;
				GCC_WARN_UNUSED_VARIABLE = YES;
				MTL_ENABLE_DEBUG_INFO = NO;
				MTL_FAST_MATH = YES;
				SWIFT_COMPILATION_MODE = wholemodule;
				SWIFT_OPTIMIZATION_LEVEL = "-O";
			};
			name = Release;
		};
		14FD3DEA2A37A4DF0023DA4D /* Debug */ = {
			isa = XCBuildConfiguration;
			buildSettings = {
				ASSETCATALOG_COMPILER_APPICON_NAME = AppIcon;
				ASSETCATALOG_COMPILER_GLOBAL_ACCENT_COLOR_NAME = AccentColor;
				CODE_SIGN_ENTITLEMENTS = areeb/areeb.entitlements;
				CODE_SIGN_STYLE = Automatic;
				CURRENT_PROJECT_VERSION = 1;
				DEVELOPMENT_ASSET_PATHS = "\"areeb/Preview Content\"";
				ENABLE_PREVIEWS = YES;
				GENERATE_INFOPLIST_FILE = YES;
				"INFOPLIST_KEY_UIApplicationSceneManifest_Generation[sdk=iphoneos*]" = YES;
				"INFOPLIST_KEY_UIApplicationSceneManifest_Generation[sdk=iphonesimulator*]" = YES;
				"INFOPLIST_KEY_UIApplicationSupportsIndirectInputEvents[sdk=iphoneos*]" = YES;
				"INFOPLIST_KEY_UIApplicationSupportsIndirectInputEvents[sdk=iphonesimulator*]" = YES;
				"INFOPLIST_KEY_UILaunchScreen_Generation[sdk=iphoneos*]" = YES;
				"INFOPLIST_KEY_UILaunchScreen_Generation[sdk=iphonesimulator*]" = YES;
				"INFOPLIST_KEY_UIStatusBarStyle[sdk=iphoneos*]" = UIStatusBarStyleDefault;
				"INFOPLIST_KEY_UIStatusBarStyle[sdk=iphonesimulator*]" = UIStatusBarStyleDefault;
				INFOPLIST_KEY_UISupportedInterfaceOrientations_iPad = "UIInterfaceOrientationPortrait UIInterfaceOrientationPortraitUpsideDown UIInterfaceOrientationLandscapeLeft UIInterfaceOrientationLandscapeRight";
				INFOPLIST_KEY_UISupportedInterfaceOrientations_iPhone = "UIInterfaceOrientationPortrait UIInterfaceOrientationLandscapeLeft UIInterfaceOrientationLandscapeRight";
				IPHONEOS_DEPLOYMENT_TARGET = 16.4;
				LD_RUNPATH_SEARCH_PATHS = "@executable_path/Frameworks";
				"LD_RUNPATH_SEARCH_PATHS[sdk=macosx*]" = "@executable_path/../Frameworks";
				MACOSX_DEPLOYMENT_TARGET = 13.3;
				MARKETING_VERSION = 1.0;
				PRODUCT_BUNDLE_IDENTIFIER = p2.areeb;
				PRODUCT_NAME = "$(TARGET_NAME)";
				SDKROOT = auto;
				SUPPORTED_PLATFORMS = "iphoneos iphonesimulator macosx";
				SWIFT_EMIT_LOC_STRINGS = YES;
				SWIFT_VERSION = 5.0;
				TARGETED_DEVICE_FAMILY = "1,2";
			};
			name = Debug;
		};
		14FD3DEB2A37A4DF0023DA4D /* Release */ = {
			isa = XCBuildConfiguration;
			buildSettings = {
				ASSETCATALOG_COMPILER_APPICON_NAME = AppIcon;
				ASSETCATALOG_COMPILER_GLOBAL_ACCENT_COLOR_NAME = AccentColor;
				CODE_SIGN_ENTITLEMENTS = areeb/areeb.entitlements;
				CODE_SIGN_STYLE = Automatic;
				CURRENT_PROJECT_VERSION = 1;
				DEVELOPMENT_ASSET_PATHS = "\"areeb/Preview Content\"";
				ENABLE_PREVIEWS = YES;
				GENERATE_INFOPLIST_FILE = YES;
				"INFOPLIST_KEY_UIApplicationSceneManifest_Generation[sdk=iphoneos*]" = YES;
				"INFOPLIST_KEY_UIApplicationSceneManifest_Generation[sdk=iphonesimulator*]" = YES;
				"INFOPLIST_KEY_UIApplicationSupportsIndirectInputEvents[sdk=iphoneos*]" = YES;
				"INFOPLIST_KEY_UIApplicationSupportsIndirectInputEvents[sdk=iphonesimulator*]" = YES;
				"INFOPLIST_KEY_UILaunchScreen_Generation[sdk=iphoneos*]" = YES;
				"INFOPLIST_KEY_UILaunchScreen_Generation[sdk=iphonesimulator*]" = YES;
				"INFOPLIST_KEY_UIStatusBarStyle[sdk=iphoneos*]" = UIStatusBarStyleDefault;
				"INFOPLIST_KEY_UIStatusBarStyle[sdk=iphonesimulator*]" = UIStatusBarStyleDefault;
				INFOPLIST_KEY_UISupportedInterfaceOrientations_iPad = "UIInterfaceOrientationPortrait UIInterfaceOrientationPortraitUpsideDown UIInterfaceOrientationLandscapeLeft UIInterfaceOrientationLandscapeRight";
				INFOPLIST_KEY_UISupportedInterfaceOrientations_iPhone = "UIInterfaceOrientationPortrait UIInterfaceOrientationLandscapeLeft UIInterfaceOrientationLandscapeRight";
				IPHONEOS_DEPLOYMENT_TARGET = 16.4;
				LD_RUNPATH_SEARCH_PATHS = "@executable_path/Frameworks";
				"LD_RUNPATH_SEARCH_PATHS[sdk=macosx*]" = "@executable_path/../Frameworks";
				MACOSX_DEPLOYMENT_TARGET = 13.3;
				MARKETING_VERSION = 1.0;
				PRODUCT_BUNDLE_IDENTIFIER = p2.areeb;
				PRODUCT_NAME = "$(TARGET_NAME)";
				SDKROOT = auto;
				SUPPORTED_PLATFORMS = "iphoneos iphonesimulator macosx";
				SWIFT_EMIT_LOC_STRINGS = YES;
				SWIFT_VERSION = 5.0;
				TARGETED_DEVICE_FAMILY = "1,2";
			};
			name = Release;
		};
		14FD3DED2A37A4DF0023DA4D /* Debug */ = {
			isa = XCBuildConfiguration;
			buildSettings = {
				ALWAYS_EMBED_SWIFT_STANDARD_LIBRARIES = YES;
				BUNDLE_LOADER = "$(TEST_HOST)";
				CODE_SIGN_STYLE = Automatic;
				CURRENT_PROJECT_VERSION = 1;
				GENERATE_INFOPLIST_FILE = YES;
				IPHONEOS_DEPLOYMENT_TARGET = 16.4;
				MACOSX_DEPLOYMENT_TARGET = 13.3;
				MARKETING_VERSION = 1.0;
				PRODUCT_BUNDLE_IDENTIFIER = p2.areebTests;
				PRODUCT_NAME = "$(TARGET_NAME)";
				SDKROOT = auto;
				SUPPORTED_PLATFORMS = "iphoneos iphonesimulator macosx";
				SWIFT_EMIT_LOC_STRINGS = NO;
				SWIFT_VERSION = 5.0;
				TARGETED_DEVICE_FAMILY = "1,2";
				TEST_HOST = "$(BUILT_PRODUCTS_DIR)/areeb.app/$(BUNDLE_EXECUTABLE_FOLDER_PATH)/areeb";
			};
			name = Debug;
		};
		14FD3DEE2A37A4DF0023DA4D /* Release */ = {
			isa = XCBuildConfiguration;
			buildSettings = {
				ALWAYS_EMBED_SWIFT_STANDARD_LIBRARIES = YES;
				BUNDLE_LOADER = "$(TEST_HOST)";
				CODE_SIGN_STYLE = Automatic;
				CURRENT_PROJECT_VERSION = 1;
				GENERATE_INFOPLIST_FILE = YES;
				IPHONEOS_DEPLOYMENT_TARGET = 16.4;
				MACOSX_DEPLOYMENT_TARGET = 13.3;
				MARKETING_VERSION = 1.0;
				PRODUCT_BUNDLE_IDENTIFIER = p2.areebTests;
				PRODUCT_NAME = "$(TARGET_NAME)";
				SDKROOT = auto;
				SUPPORTED_PLATFORMS = "iphoneos iphonesimulator macosx";
				SWIFT_EMIT_LOC_STRINGS = NO;
				SWIFT_VERSION = 5.0;
				TARGETED_DEVICE_FAMILY = "1,2";
				TEST_HOST = "$(BUILT_PRODUCTS_DIR)/areeb.app/$(BUNDLE_EXECUTABLE_FOLDER_PATH)/areeb";
			};
			name = Release;
		};
		14FD3DF02A37A4DF0023DA4D /* Debug */ = {
			isa = XCBuildConfiguration;
			buildSettings = {
				ALWAYS_EMBED_SWIFT_STANDARD_LIBRARIES = YES;
				CODE_SIGN_STYLE = Automatic;
				CURRENT_PROJECT_VERSION = 1;
				GENERATE_INFOPLIST_FILE = YES;
				IPHONEOS_DEPLOYMENT_TARGET = 16.4;
				MACOSX_DEPLOYMENT_TARGET = 13.3;
				MARKETING_VERSION = 1.0;
				PRODUCT_BUNDLE_IDENTIFIER = p2.areebUITests;
				PRODUCT_NAME = "$(TARGET_NAME)";
				SDKROOT = auto;
				SUPPORTED_PLATFORMS = "iphoneos iphonesimulator macosx";
				SWIFT_EMIT_LOC_STRINGS = NO;
				SWIFT_VERSION = 5.0;
				TARGETED_DEVICE_FAMILY = "1,2";
				TEST_TARGET_NAME = areeb;
			};
			name = Debug;
		};
		14FD3DF12A37A4DF0023DA4D /* Release */ = {
			isa = XCBuildConfiguration;
			buildSettings = {
				ALWAYS_EMBED_SWIFT_STANDARD_LIBRARIES = YES;
				CODE_SIGN_STYLE = Automatic;
				CURRENT_PROJECT_VERSION = 1;
				GENERATE_INFOPLIST_FILE = YES;
				IPHONEOS_DEPLOYMENT_TARGET = 16.4;
				MACOSX_DEPLOYMENT_TARGET = 13.3;
				MARKETING_VERSION = 1.0;
				PRODUCT_BUNDLE_IDENTIFIER = p2.areebUITests;
				PRODUCT_NAME = "$(TARGET_NAME)";
				SDKROOT = auto;
				SUPPORTED_PLATFORMS = "iphoneos iphonesimulator macosx";
				SWIFT_EMIT_LOC_STRINGS = NO;
				SWIFT_VERSION = 5.0;
				TARGETED_DEVICE_FAMILY = "1,2";
				TEST_TARGET_NAME = areeb;
			};
			name = Release;
		};
/* End XCBuildConfiguration section */

/* Begin XCConfigurationList section */
		14FD3DBF2A37A4DE0023DA4D /* Build configuration list for PBXProject "areeb" */ = {
			isa = XCConfigurationList;
			buildConfigurations = (
				14FD3DE72A37A4DF0023DA4D /* Debug */,
				14FD3DE82A37A4DF0023DA4D /* Release */,
			);
			defaultConfigurationIsVisible = 0;
			defaultConfigurationName = Release;
		};
		14FD3DE92A37A4DF0023DA4D /* Build configuration list for PBXNativeTarget "areeb" */ = {
			isa = XCConfigurationList;
			buildConfigurations = (
				14FD3DEA2A37A4DF0023DA4D /* Debug */,
				14FD3DEB2A37A4DF0023DA4D /* Release */,
			);
			defaultConfigurationIsVisible = 0;
			defaultConfigurationName = Release;
		};
		14FD3DEC2A37A4DF0023DA4D /* Build configuration list for PBXNativeTarget "areebTests" */ = {
			isa = XCConfigurationList;
			buildConfigurations = (
				14FD3DED2A37A4DF0023DA4D /* Debug */,
				14FD3DEE2A37A4DF0023DA4D /* Release */,
			);
			defaultConfigurationIsVisible = 0;
			defaultConfigurationName = Release;
		};
		14FD3DEF2A37A4DF0023DA4D /* Build configuration list for PBXNativeTarget "areebUITests" */ = {
			isa = XCConfigurationList;
			buildConfigurations = (
				14FD3DF02A37A4DF0023DA4D /* Debug */,
				14FD3DF12A37A4DF0023DA4D /* Release */,
			);
			defaultConfigurationIsVisible = 0;
			defaultConfigurationName = Release;
		};
/* End XCConfigurationList section */
	};
	rootObject = 14FD3DBC2A37A4DE0023DA4D /* Project object */;
}
